// !$*UTF8*$!
{
	archiveVersion = 1;
	classes = {
	};
	objectVersion = 56;
	objects = {

/* Begin PBXBuildFile section */
		E3011DD329E38D7D00490919 /* RecipeInstructionCell.swift in Sources */ = {isa = PBXBuildFile; fileRef = E3011DD229E38D7D00490919 /* RecipeInstructionCell.swift */; };
		E3427C0E29E158FC002C81E2 /* RecipeVC.swift in Sources */ = {isa = PBXBuildFile; fileRef = E3427C0D29E158FC002C81E2 /* RecipeVC.swift */; };
		E3427C1029E15D1B002C81E2 /* RecipeIngredientCell.swift in Sources */ = {isa = PBXBuildFile; fileRef = E3427C0F29E15D1B002C81E2 /* RecipeIngredientCell.swift */; };
		E349B13A29DFDB2D0097A338 /* PersistenceManager.swift in Sources */ = {isa = PBXBuildFile; fileRef = E349B13929DFDB2D0097A338 /* PersistenceManager.swift */; };
		E349B13C29DFDD3C0097A338 /* RBError.swift in Sources */ = {isa = PBXBuildFile; fileRef = E349B13B29DFDD3C0097A338 /* RBError.swift */; };
		E349B13F29DFE2390097A338 /* RBEmptyStateView.swift in Sources */ = {isa = PBXBuildFile; fileRef = E349B13E29DFE2390097A338 /* RBEmptyStateView.swift */; };
		E349B14229E002100097A338 /* RBDeleteRecipeAlert.swift in Sources */ = {isa = PBXBuildFile; fileRef = E349B14129E002100097A338 /* RBDeleteRecipeAlert.swift */; };
		E34B4CEA29CEEA3E0063A9A2 /* RBTextFieldAlert.swift in Sources */ = {isa = PBXBuildFile; fileRef = E34B4CE929CEEA3E0063A9A2 /* RBTextFieldAlert.swift */; };
		E34B4CEC29CF77320063A9A2 /* RBErrorAlert.swift in Sources */ = {isa = PBXBuildFile; fileRef = E34B4CEB29CF77320063A9A2 /* RBErrorAlert.swift */; };
		E34B4CEE29CF77CC0063A9A2 /* UIViewController+Ext.swift in Sources */ = {isa = PBXBuildFile; fileRef = E34B4CED29CF77CC0063A9A2 /* UIViewController+Ext.swift */; };
		E34B4CF429CF80060063A9A2 /* RBTextField.swift in Sources */ = {isa = PBXBuildFile; fileRef = E34B4CF329CF80060063A9A2 /* RBTextField.swift */; };
		E34B4CFE29CFEFD40063A9A2 /* RBPlainButton.swift in Sources */ = {isa = PBXBuildFile; fileRef = E34B4CFD29CFEFD40063A9A2 /* RBPlainButton.swift */; };
		E34B4D0529D154AF0063A9A2 /* RecipeFormVC.swift in Sources */ = {isa = PBXBuildFile; fileRef = E34B4D0429D154AF0063A9A2 /* RecipeFormVC.swift */; };
		E34B4D0729D15A480063A9A2 /* RecipeFormCell.swift in Sources */ = {isa = PBXBuildFile; fileRef = E34B4D0629D15A480063A9A2 /* RecipeFormCell.swift */; };
		E3573E4D29CC14B3000F7877 /* AppDelegate.swift in Sources */ = {isa = PBXBuildFile; fileRef = E3573E4C29CC14B3000F7877 /* AppDelegate.swift */; };
		E3573E4F29CC14B3000F7877 /* SceneDelegate.swift in Sources */ = {isa = PBXBuildFile; fileRef = E3573E4E29CC14B3000F7877 /* SceneDelegate.swift */; };
		E3573E5629CC14B6000F7877 /* Assets.xcassets in Resources */ = {isa = PBXBuildFile; fileRef = E3573E5529CC14B6000F7877 /* Assets.xcassets */; };
		E3573E5929CC14B6000F7877 /* LaunchScreen.storyboard in Resources */ = {isa = PBXBuildFile; fileRef = E3573E5729CC14B6000F7877 /* LaunchScreen.storyboard */; };
		E3573E6329CC161C000F7877 /* RBTabBarController.swift in Sources */ = {isa = PBXBuildFile; fileRef = E3573E6229CC161C000F7877 /* RBTabBarController.swift */; };
		E3573E6629CC16C1000F7877 /* RecipeListVC.swift in Sources */ = {isa = PBXBuildFile; fileRef = E3573E6529CC16C1000F7877 /* RecipeListVC.swift */; };
		E3573E6929CC16DC000F7877 /* GroceryListVC.swift in Sources */ = {isa = PBXBuildFile; fileRef = E3573E6829CC16DC000F7877 /* GroceryListVC.swift */; };
		E3573E6C29CC185A000F7877 /* Constants.swift in Sources */ = {isa = PBXBuildFile; fileRef = E3573E6B29CC185A000F7877 /* Constants.swift */; };
		E39A757229DEA77C0009BA57 /* Ingredient.swift in Sources */ = {isa = PBXBuildFile; fileRef = E39A757129DEA77C0009BA57 /* Ingredient.swift */; };
		E39A757429DEA7EE0009BA57 /* Instruction.swift in Sources */ = {isa = PBXBuildFile; fileRef = E39A757329DEA7EE0009BA57 /* Instruction.swift */; };
		E3B1C73929CD205C00736C96 /* Recipe.swift in Sources */ = {isa = PBXBuildFile; fileRef = E3B1C73829CD205C00736C96 /* Recipe.swift */; };
		E3B1C73C29CE1CF600736C96 /* UITableView+Ext.swift in Sources */ = {isa = PBXBuildFile; fileRef = E3B1C73B29CE1CF600736C96 /* UITableView+Ext.swift */; };
		E3B1C73E29CE1E9600736C96 /* RecipeCell.swift in Sources */ = {isa = PBXBuildFile; fileRef = E3B1C73D29CE1E9600736C96 /* RecipeCell.swift */; };
		E3B1C74229CE68BC00736C96 /* RBBodyLabel.swift in Sources */ = {isa = PBXBuildFile; fileRef = E3B1C74129CE68BC00736C96 /* RBBodyLabel.swift */; };
		E3B1C74529CE6A9400736C96 /* RBTitleLabel.swift in Sources */ = {isa = PBXBuildFile; fileRef = E3B1C74429CE6A9400736C96 /* RBTitleLabel.swift */; };
		E3B1C74729CE6CC900736C96 /* UIView+Ext.swift in Sources */ = {isa = PBXBuildFile; fileRef = E3B1C74629CE6CC900736C96 /* UIView+Ext.swift */; };
/* End PBXBuildFile section */

/* Begin PBXFileReference section */
		E3011DD229E38D7D00490919 /* RecipeInstructionCell.swift */ = {isa = PBXFileReference; lastKnownFileType = sourcecode.swift; path = RecipeInstructionCell.swift; sourceTree = "<group>"; };
		E3427C0D29E158FC002C81E2 /* RecipeVC.swift */ = {isa = PBXFileReference; lastKnownFileType = sourcecode.swift; path = RecipeVC.swift; sourceTree = "<group>"; };
		E3427C0F29E15D1B002C81E2 /* RecipeIngredientCell.swift */ = {isa = PBXFileReference; lastKnownFileType = sourcecode.swift; path = RecipeIngredientCell.swift; sourceTree = "<group>"; };
		E349B13929DFDB2D0097A338 /* PersistenceManager.swift */ = {isa = PBXFileReference; lastKnownFileType = sourcecode.swift; path = PersistenceManager.swift; sourceTree = "<group>"; };
		E349B13B29DFDD3C0097A338 /* RBError.swift */ = {isa = PBXFileReference; lastKnownFileType = sourcecode.swift; path = RBError.swift; sourceTree = "<group>"; };
		E349B13E29DFE2390097A338 /* RBEmptyStateView.swift */ = {isa = PBXFileReference; lastKnownFileType = sourcecode.swift; path = RBEmptyStateView.swift; sourceTree = "<group>"; };
		E349B14129E002100097A338 /* RBDeleteRecipeAlert.swift */ = {isa = PBXFileReference; lastKnownFileType = sourcecode.swift; path = RBDeleteRecipeAlert.swift; sourceTree = "<group>"; };
		E34B4CE929CEEA3E0063A9A2 /* RBTextFieldAlert.swift */ = {isa = PBXFileReference; lastKnownFileType = sourcecode.swift; path = RBTextFieldAlert.swift; sourceTree = "<group>"; };
		E34B4CEB29CF77320063A9A2 /* RBErrorAlert.swift */ = {isa = PBXFileReference; lastKnownFileType = sourcecode.swift; path = RBErrorAlert.swift; sourceTree = "<group>"; };
		E34B4CED29CF77CC0063A9A2 /* UIViewController+Ext.swift */ = {isa = PBXFileReference; lastKnownFileType = sourcecode.swift; path = "UIViewController+Ext.swift"; sourceTree = "<group>"; };
		E34B4CF329CF80060063A9A2 /* RBTextField.swift */ = {isa = PBXFileReference; lastKnownFileType = sourcecode.swift; path = RBTextField.swift; sourceTree = "<group>"; };
		E34B4CFD29CFEFD40063A9A2 /* RBPlainButton.swift */ = {isa = PBXFileReference; lastKnownFileType = sourcecode.swift; path = RBPlainButton.swift; sourceTree = "<group>"; };
		E34B4D0429D154AF0063A9A2 /* RecipeFormVC.swift */ = {isa = PBXFileReference; lastKnownFileType = sourcecode.swift; path = RecipeFormVC.swift; sourceTree = "<group>"; };
		E34B4D0629D15A480063A9A2 /* RecipeFormCell.swift */ = {isa = PBXFileReference; lastKnownFileType = sourcecode.swift; path = RecipeFormCell.swift; sourceTree = "<group>"; };
		E3573E4929CC14B3000F7877 /* RecipeBook.app */ = {isa = PBXFileReference; explicitFileType = wrapper.application; includeInIndex = 0; path = RecipeBook.app; sourceTree = BUILT_PRODUCTS_DIR; };
		E3573E4C29CC14B3000F7877 /* AppDelegate.swift */ = {isa = PBXFileReference; lastKnownFileType = sourcecode.swift; path = AppDelegate.swift; sourceTree = "<group>"; };
		E3573E4E29CC14B3000F7877 /* SceneDelegate.swift */ = {isa = PBXFileReference; lastKnownFileType = sourcecode.swift; path = SceneDelegate.swift; sourceTree = "<group>"; };
		E3573E5529CC14B6000F7877 /* Assets.xcassets */ = {isa = PBXFileReference; lastKnownFileType = folder.assetcatalog; path = Assets.xcassets; sourceTree = "<group>"; };
		E3573E5829CC14B6000F7877 /* Base */ = {isa = PBXFileReference; lastKnownFileType = file.storyboard; name = Base; path = Base.lproj/LaunchScreen.storyboard; sourceTree = "<group>"; };
		E3573E5A29CC14B6000F7877 /* Info.plist */ = {isa = PBXFileReference; lastKnownFileType = text.plist.xml; path = Info.plist; sourceTree = "<group>"; };
		E3573E6229CC161C000F7877 /* RBTabBarController.swift */ = {isa = PBXFileReference; lastKnownFileType = sourcecode.swift; path = RBTabBarController.swift; sourceTree = "<group>"; };
		E3573E6529CC16C1000F7877 /* RecipeListVC.swift */ = {isa = PBXFileReference; lastKnownFileType = sourcecode.swift; path = RecipeListVC.swift; sourceTree = "<group>"; };
		E3573E6829CC16DC000F7877 /* GroceryListVC.swift */ = {isa = PBXFileReference; lastKnownFileType = sourcecode.swift; path = GroceryListVC.swift; sourceTree = "<group>"; };
		E3573E6B29CC185A000F7877 /* Constants.swift */ = {isa = PBXFileReference; lastKnownFileType = sourcecode.swift; path = Constants.swift; sourceTree = "<group>"; };
		E39A757129DEA77C0009BA57 /* Ingredient.swift */ = {isa = PBXFileReference; lastKnownFileType = sourcecode.swift; path = Ingredient.swift; sourceTree = "<group>"; };
		E39A757329DEA7EE0009BA57 /* Instruction.swift */ = {isa = PBXFileReference; lastKnownFileType = sourcecode.swift; path = Instruction.swift; sourceTree = "<group>"; };
		E3B1C73829CD205C00736C96 /* Recipe.swift */ = {isa = PBXFileReference; lastKnownFileType = sourcecode.swift; path = Recipe.swift; sourceTree = "<group>"; };
		E3B1C73B29CE1CF600736C96 /* UITableView+Ext.swift */ = {isa = PBXFileReference; lastKnownFileType = sourcecode.swift; path = "UITableView+Ext.swift"; sourceTree = "<group>"; };
		E3B1C73D29CE1E9600736C96 /* RecipeCell.swift */ = {isa = PBXFileReference; lastKnownFileType = sourcecode.swift; path = RecipeCell.swift; sourceTree = "<group>"; };
		E3B1C74129CE68BC00736C96 /* RBBodyLabel.swift */ = {isa = PBXFileReference; lastKnownFileType = sourcecode.swift; path = RBBodyLabel.swift; sourceTree = "<group>"; };
		E3B1C74429CE6A9400736C96 /* RBTitleLabel.swift */ = {isa = PBXFileReference; lastKnownFileType = sourcecode.swift; path = RBTitleLabel.swift; sourceTree = "<group>"; };
		E3B1C74629CE6CC900736C96 /* UIView+Ext.swift */ = {isa = PBXFileReference; lastKnownFileType = sourcecode.swift; path = "UIView+Ext.swift"; sourceTree = "<group>"; };
/* End PBXFileReference section */

/* Begin PBXFrameworksBuildPhase section */
		E3573E4629CC14B3000F7877 /* Frameworks */ = {
			isa = PBXFrameworksBuildPhase;
			buildActionMask = 2147483647;
			files = (
			);
			runOnlyForDeploymentPostprocessing = 0;
		};
/* End PBXFrameworksBuildPhase section */

/* Begin PBXGroup section */
		E349B13829DFDB1F0097A338 /* Managers */ = {
			isa = PBXGroup;
			children = (
				E349B13929DFDB2D0097A338 /* PersistenceManager.swift */,
			);
			path = Managers;
			sourceTree = "<group>";
		};
		E349B13D29DFE20E0097A338 /* Views */ = {
			isa = PBXGroup;
			children = (
				E349B13E29DFE2390097A338 /* RBEmptyStateView.swift */,
			);
			path = Views;
			sourceTree = "<group>";
		};
		E34B4CE629CEE89E0063A9A2 /* Alerts */ = {
			isa = PBXGroup;
			children = (
				E34B4CEB29CF77320063A9A2 /* RBErrorAlert.swift */,
				E34B4CE929CEEA3E0063A9A2 /* RBTextFieldAlert.swift */,
				E349B14129E002100097A338 /* RBDeleteRecipeAlert.swift */,
			);
			path = Alerts;
			sourceTree = "<group>";
		};
		E34B4CEF29CF78800063A9A2 /* Cells */ = {
			isa = PBXGroup;
			children = (
				E3B1C73D29CE1E9600736C96 /* RecipeCell.swift */,
				E34B4D0629D15A480063A9A2 /* RecipeFormCell.swift */,
				E3427C0F29E15D1B002C81E2 /* RecipeIngredientCell.swift */,
				E3011DD229E38D7D00490919 /* RecipeInstructionCell.swift */,
			);
			path = Cells;
			sourceTree = "<group>";
		};
		E34B4CFC29CFEFBD0063A9A2 /* Buttons */ = {
			isa = PBXGroup;
			children = (
				E34B4CFD29CFEFD40063A9A2 /* RBPlainButton.swift */,
			);
			path = Buttons;
			sourceTree = "<group>";
		};
		E34B4D0129D0FB660063A9A2 /* Inputs */ = {
			isa = PBXGroup;
			children = (
				E34B4CF329CF80060063A9A2 /* RBTextField.swift */,
			);
			path = Inputs;
			sourceTree = "<group>";
		};
		E3573E4029CC14B3000F7877 = {
			isa = PBXGroup;
			children = (
				E3573E4B29CC14B3000F7877 /* RecipeBook */,
				E3573E4A29CC14B3000F7877 /* Products */,
			);
			sourceTree = "<group>";
		};
		E3573E4A29CC14B3000F7877 /* Products */ = {
			isa = PBXGroup;
			children = (
				E3573E4929CC14B3000F7877 /* RecipeBook.app */,
			);
			name = Products;
			sourceTree = "<group>";
		};
		E3573E4B29CC14B3000F7877 /* RecipeBook */ = {
			isa = PBXGroup;
			children = (
				E3573E6129CC15C4000F7877 /* Custom Views */,
				E3B1C73A29CE1CE200736C96 /* Extensions */,
				E3573E5A29CC14B6000F7877 /* Info.plist */,
				E349B13829DFDB1F0097A338 /* Managers */,
				E3B1C73729CD205000736C96 /* Models */,
				E3573E6429CC16A2000F7877 /* Screens */,
				E3573E6029CC1549000F7877 /* Support */,
				E3573E6A29CC184B000F7877 /* Utilities */,
			);
			path = RecipeBook;
			sourceTree = "<group>";
		};
		E3573E6029CC1549000F7877 /* Support */ = {
			isa = PBXGroup;
			children = (
				E3573E4C29CC14B3000F7877 /* AppDelegate.swift */,
				E3573E4E29CC14B3000F7877 /* SceneDelegate.swift */,
				E3573E5529CC14B6000F7877 /* Assets.xcassets */,
				E3573E5729CC14B6000F7877 /* LaunchScreen.storyboard */,
			);
			path = Support;
			sourceTree = "<group>";
		};
		E3573E6129CC15C4000F7877 /* Custom Views */ = {
			isa = PBXGroup;
			children = (
				E34B4CE629CEE89E0063A9A2 /* Alerts */,
				E34B4CFC29CFEFBD0063A9A2 /* Buttons */,
				E34B4CEF29CF78800063A9A2 /* Cells */,
				E34B4D0129D0FB660063A9A2 /* Inputs */,
				E3B1C74329CE6A7E00736C96 /* Labels */,
				E3573E6229CC161C000F7877 /* RBTabBarController.swift */,
				E349B13D29DFE20E0097A338 /* Views */,
			);
			path = "Custom Views";
			sourceTree = "<group>";
		};
		E3573E6429CC16A2000F7877 /* Screens */ = {
			isa = PBXGroup;
			children = (
				E3573E6829CC16DC000F7877 /* GroceryListVC.swift */,
				E34B4D0429D154AF0063A9A2 /* RecipeFormVC.swift */,
				E3573E6529CC16C1000F7877 /* RecipeListVC.swift */,
				E3427C0D29E158FC002C81E2 /* RecipeVC.swift */,
			);
			path = Screens;
			sourceTree = "<group>";
		};
		E3573E6A29CC184B000F7877 /* Utilities */ = {
			isa = PBXGroup;
			children = (
				E3573E6B29CC185A000F7877 /* Constants.swift */,
				E349B13B29DFDD3C0097A338 /* RBError.swift */,
			);
			path = Utilities;
			sourceTree = "<group>";
		};
		E3B1C73729CD205000736C96 /* Models */ = {
			isa = PBXGroup;
			children = (
				E3B1C73829CD205C00736C96 /* Recipe.swift */,
				E39A757129DEA77C0009BA57 /* Ingredient.swift */,
				E39A757329DEA7EE0009BA57 /* Instruction.swift */,
			);
			path = Models;
			sourceTree = "<group>";
		};
		E3B1C73A29CE1CE200736C96 /* Extensions */ = {
			isa = PBXGroup;
			children = (
				E3B1C73B29CE1CF600736C96 /* UITableView+Ext.swift */,
				E3B1C74629CE6CC900736C96 /* UIView+Ext.swift */,
				E34B4CED29CF77CC0063A9A2 /* UIViewController+Ext.swift */,
			);
			path = Extensions;
			sourceTree = "<group>";
		};
		E3B1C74329CE6A7E00736C96 /* Labels */ = {
			isa = PBXGroup;
			children = (
				E3B1C74129CE68BC00736C96 /* RBBodyLabel.swift */,
				E3B1C74429CE6A9400736C96 /* RBTitleLabel.swift */,
			);
			path = Labels;
			sourceTree = "<group>";
		};
/* End PBXGroup section */

/* Begin PBXNativeTarget section */
		E3573E4829CC14B3000F7877 /* RecipeBook */ = {
			isa = PBXNativeTarget;
			buildConfigurationList = E3573E5D29CC14B6000F7877 /* Build configuration list for PBXNativeTarget "RecipeBook" */;
			buildPhases = (
				E3573E4529CC14B3000F7877 /* Sources */,
				E3573E4629CC14B3000F7877 /* Frameworks */,
				E3573E4729CC14B3000F7877 /* Resources */,
			);
			buildRules = (
			);
			dependencies = (
			);
			name = RecipeBook;
			productName = RecipeBook;
			productReference = E3573E4929CC14B3000F7877 /* RecipeBook.app */;
			productType = "com.apple.product-type.application";
		};
/* End PBXNativeTarget section */

/* Begin PBXProject section */
		E3573E4129CC14B3000F7877 /* Project object */ = {
			isa = PBXProject;
			attributes = {
				BuildIndependentTargetsInParallel = 1;
				LastSwiftUpdateCheck = 1420;
				LastUpgradeCheck = 1420;
				TargetAttributes = {
					E3573E4829CC14B3000F7877 = {
						CreatedOnToolsVersion = 14.2;
					};
				};
			};
			buildConfigurationList = E3573E4429CC14B3000F7877 /* Build configuration list for PBXProject "RecipeBook" */;
			compatibilityVersion = "Xcode 14.0";
			developmentRegion = en;
			hasScannedForEncodings = 0;
			knownRegions = (
				en,
				Base,
			);
			mainGroup = E3573E4029CC14B3000F7877;
			productRefGroup = E3573E4A29CC14B3000F7877 /* Products */;
			projectDirPath = "";
			projectRoot = "";
			targets = (
				E3573E4829CC14B3000F7877 /* RecipeBook */,
			);
		};
/* End PBXProject section */

/* Begin PBXResourcesBuildPhase section */
		E3573E4729CC14B3000F7877 /* Resources */ = {
			isa = PBXResourcesBuildPhase;
			buildActionMask = 2147483647;
			files = (
				E3573E5929CC14B6000F7877 /* LaunchScreen.storyboard in Resources */,
				E3573E5629CC14B6000F7877 /* Assets.xcassets in Resources */,
			);
			runOnlyForDeploymentPostprocessing = 0;
		};
/* End PBXResourcesBuildPhase section */

/* Begin PBXSourcesBuildPhase section */
		E3573E4529CC14B3000F7877 /* Sources */ = {
			isa = PBXSourcesBuildPhase;
			buildActionMask = 2147483647;
			files = (
				E3011DD329E38D7D00490919 /* RecipeInstructionCell.swift in Sources */,
				E3573E4D29CC14B3000F7877 /* AppDelegate.swift in Sources */,
				E3573E4F29CC14B3000F7877 /* SceneDelegate.swift in Sources */,
				E39A757229DEA77C0009BA57 /* Ingredient.swift in Sources */,
				E349B13A29DFDB2D0097A338 /* PersistenceManager.swift in Sources */,
				E3427C1029E15D1B002C81E2 /* RecipeIngredientCell.swift in Sources */,
				E349B14229E002100097A338 /* RBDeleteRecipeAlert.swift in Sources */,
				E39A757429DEA7EE0009BA57 /* Instruction.swift in Sources */,
				E34B4D0529D154AF0063A9A2 /* RecipeFormVC.swift in Sources */,
				E3B1C73929CD205C00736C96 /* Recipe.swift in Sources */,
				E34B4CEA29CEEA3E0063A9A2 /* RBTextFieldAlert.swift in Sources */,
				E34B4CEC29CF77320063A9A2 /* RBErrorAlert.swift in Sources */,
				E349B13F29DFE2390097A338 /* RBEmptyStateView.swift in Sources */,
				E3B1C73E29CE1E9600736C96 /* RecipeCell.swift in Sources */,
				E3573E6929CC16DC000F7877 /* GroceryListVC.swift in Sources */,
				E3573E6629CC16C1000F7877 /* RecipeListVC.swift in Sources */,
				E34B4CF429CF80060063A9A2 /* RBTextField.swift in Sources */,
				E3B1C74529CE6A9400736C96 /* RBTitleLabel.swift in Sources */,
				E3B1C73C29CE1CF600736C96 /* UITableView+Ext.swift in Sources */,
				E349B13C29DFDD3C0097A338 /* RBError.swift in Sources */,
				E3B1C74729CE6CC900736C96 /* UIView+Ext.swift in Sources */,
				E3573E6329CC161C000F7877 /* RBTabBarController.swift in Sources */,
				E3427C0E29E158FC002C81E2 /* RecipeVC.swift in Sources */,
				E3B1C74229CE68BC00736C96 /* RBBodyLabel.swift in Sources */,
				E34B4D0729D15A480063A9A2 /* RecipeFormCell.swift in Sources */,
				E34B4CEE29CF77CC0063A9A2 /* UIViewController+Ext.swift in Sources */,
				E34B4CFE29CFEFD40063A9A2 /* RBPlainButton.swift in Sources */,
				E3573E6C29CC185A000F7877 /* Constants.swift in Sources */,
			);
			runOnlyForDeploymentPostprocessing = 0;
		};
/* End PBXSourcesBuildPhase section */

/* Begin PBXVariantGroup section */
		E3573E5729CC14B6000F7877 /* LaunchScreen.storyboard */ = {
			isa = PBXVariantGroup;
			children = (
				E3573E5829CC14B6000F7877 /* Base */,
			);
			name = LaunchScreen.storyboard;
			sourceTree = "<group>";
		};
/* End PBXVariantGroup section */

/* Begin XCBuildConfiguration section */
		E3573E5B29CC14B6000F7877 /* Debug */ = {
			isa = XCBuildConfiguration;
			buildSettings = {
				ALWAYS_SEARCH_USER_PATHS = NO;
				CLANG_ANALYZER_NONNULL = YES;
				CLANG_ANALYZER_NUMBER_OBJECT_CONVERSION = YES_AGGRESSIVE;
				CLANG_CXX_LANGUAGE_STANDARD = "gnu++20";
				CLANG_ENABLE_MODULES = YES;
				CLANG_ENABLE_OBJC_ARC = YES;
				CLANG_ENABLE_OBJC_WEAK = YES;
				CLANG_WARN_BLOCK_CAPTURE_AUTORELEASING = YES;
				CLANG_WARN_BOOL_CONVERSION = YES;
				CLANG_WARN_COMMA = YES;
				CLANG_WARN_CONSTANT_CONVERSION = YES;
				CLANG_WARN_DEPRECATED_OBJC_IMPLEMENTATIONS = YES;
				CLANG_WARN_DIRECT_OBJC_ISA_USAGE = YES_ERROR;
				CLANG_WARN_DOCUMENTATION_COMMENTS = YES;
				CLANG_WARN_EMPTY_BODY = YES;
				CLANG_WARN_ENUM_CONVERSION = YES;
				CLANG_WARN_INFINITE_RECURSION = YES;
				CLANG_WARN_INT_CONVERSION = YES;
				CLANG_WARN_NON_LITERAL_NULL_CONVERSION = YES;
				CLANG_WARN_OBJC_IMPLICIT_RETAIN_SELF = YES;
				CLANG_WARN_OBJC_LITERAL_CONVERSION = YES;
				CLANG_WARN_OBJC_ROOT_CLASS = YES_ERROR;
				CLANG_WARN_QUOTED_INCLUDE_IN_FRAMEWORK_HEADER = YES;
				CLANG_WARN_RANGE_LOOP_ANALYSIS = YES;
				CLANG_WARN_STRICT_PROTOTYPES = YES;
				CLANG_WARN_SUSPICIOUS_MOVE = YES;
				CLANG_WARN_UNGUARDED_AVAILABILITY = YES_AGGRESSIVE;
				CLANG_WARN_UNREACHABLE_CODE = YES;
				CLANG_WARN__DUPLICATE_METHOD_MATCH = YES;
				COPY_PHASE_STRIP = NO;
				DEBUG_INFORMATION_FORMAT = dwarf;
				ENABLE_STRICT_OBJC_MSGSEND = YES;
				ENABLE_TESTABILITY = YES;
				GCC_C_LANGUAGE_STANDARD = gnu11;
				GCC_DYNAMIC_NO_PIC = NO;
				GCC_NO_COMMON_BLOCKS = YES;
				GCC_OPTIMIZATION_LEVEL = 0;
				GCC_PREPROCESSOR_DEFINITIONS = (
					"DEBUG=1",
					"$(inherited)",
				);
				GCC_WARN_64_TO_32_BIT_CONVERSION = YES;
				GCC_WARN_ABOUT_RETURN_TYPE = YES_ERROR;
				GCC_WARN_UNDECLARED_SELECTOR = YES;
				GCC_WARN_UNINITIALIZED_AUTOS = YES_AGGRESSIVE;
				GCC_WARN_UNUSED_FUNCTION = YES;
				GCC_WARN_UNUSED_VARIABLE = YES;
				IPHONEOS_DEPLOYMENT_TARGET = 16.2;
				MTL_ENABLE_DEBUG_INFO = INCLUDE_SOURCE;
				MTL_FAST_MATH = YES;
				ONLY_ACTIVE_ARCH = YES;
				SDKROOT = iphoneos;
				SWIFT_ACTIVE_COMPILATION_CONDITIONS = DEBUG;
				SWIFT_OPTIMIZATION_LEVEL = "-Onone";
			};
			name = Debug;
		};
		E3573E5C29CC14B6000F7877 /* Release */ = {
			isa = XCBuildConfiguration;
			buildSettings = {
				ALWAYS_SEARCH_USER_PATHS = NO;
				CLANG_ANALYZER_NONNULL = YES;
				CLANG_ANALYZER_NUMBER_OBJECT_CONVERSION = YES_AGGRESSIVE;
				CLANG_CXX_LANGUAGE_STANDARD = "gnu++20";
				CLANG_ENABLE_MODULES = YES;
				CLANG_ENABLE_OBJC_ARC = YES;
				CLANG_ENABLE_OBJC_WEAK = YES;
				CLANG_WARN_BLOCK_CAPTURE_AUTORELEASING = YES;
				CLANG_WARN_BOOL_CONVERSION = YES;
				CLANG_WARN_COMMA = YES;
				CLANG_WARN_CONSTANT_CONVERSION = YES;
				CLANG_WARN_DEPRECATED_OBJC_IMPLEMENTATIONS = YES;
				CLANG_WARN_DIRECT_OBJC_ISA_USAGE = YES_ERROR;
				CLANG_WARN_DOCUMENTATION_COMMENTS = YES;
				CLANG_WARN_EMPTY_BODY = YES;
				CLANG_WARN_ENUM_CONVERSION = YES;
				CLANG_WARN_INFINITE_RECURSION = YES;
				CLANG_WARN_INT_CONVERSION = YES;
				CLANG_WARN_NON_LITERAL_NULL_CONVERSION = YES;
				CLANG_WARN_OBJC_IMPLICIT_RETAIN_SELF = YES;
				CLANG_WARN_OBJC_LITERAL_CONVERSION = YES;
				CLANG_WARN_OBJC_ROOT_CLASS = YES_ERROR;
				CLANG_WARN_QUOTED_INCLUDE_IN_FRAMEWORK_HEADER = YES;
				CLANG_WARN_RANGE_LOOP_ANALYSIS = YES;
				CLANG_WARN_STRICT_PROTOTYPES = YES;
				CLANG_WARN_SUSPICIOUS_MOVE = YES;
				CLANG_WARN_UNGUARDED_AVAILABILITY = YES_AGGRESSIVE;
				CLANG_WARN_UNREACHABLE_CODE = YES;
				CLANG_WARN__DUPLICATE_METHOD_MATCH = YES;
				COPY_PHASE_STRIP = NO;
				DEBUG_INFORMATION_FORMAT = "dwarf-with-dsym";
				ENABLE_NS_ASSERTIONS = NO;
				ENABLE_STRICT_OBJC_MSGSEND = YES;
				GCC_C_LANGUAGE_STANDARD = gnu11;
				GCC_NO_COMMON_BLOCKS = YES;
				GCC_WARN_64_TO_32_BIT_CONVERSION = YES;
				GCC_WARN_ABOUT_RETURN_TYPE = YES_ERROR;
				GCC_WARN_UNDECLARED_SELECTOR = YES;
				GCC_WARN_UNINITIALIZED_AUTOS = YES_AGGRESSIVE;
				GCC_WARN_UNUSED_FUNCTION = YES;
				GCC_WARN_UNUSED_VARIABLE = YES;
				IPHONEOS_DEPLOYMENT_TARGET = 16.2;
				MTL_ENABLE_DEBUG_INFO = NO;
				MTL_FAST_MATH = YES;
				SDKROOT = iphoneos;
				SWIFT_COMPILATION_MODE = wholemodule;
				SWIFT_OPTIMIZATION_LEVEL = "-O";
				VALIDATE_PRODUCT = YES;
			};
			name = Release;
		};
		E3573E5E29CC14B6000F7877 /* Debug */ = {
			isa = XCBuildConfiguration;
			buildSettings = {
				ASSETCATALOG_COMPILER_APPICON_NAME = AppIcon;
				ASSETCATALOG_COMPILER_GLOBAL_ACCENT_COLOR_NAME = AccentColor;
				CODE_SIGN_STYLE = Automatic;
				CURRENT_PROJECT_VERSION = 1;
				DEVELOPMENT_TEAM = ANZXS48535;
				GENERATE_INFOPLIST_FILE = YES;
				INFOPLIST_FILE = RecipeBook/Info.plist;
				INFOPLIST_KEY_UIApplicationSupportsIndirectInputEvents = YES;
				INFOPLIST_KEY_UILaunchStoryboardName = LaunchScreen;
				INFOPLIST_KEY_UISupportedInterfaceOrientations = UIInterfaceOrientationPortrait;
				IPHONEOS_DEPLOYMENT_TARGET = 16.0;
				LD_RUNPATH_SEARCH_PATHS = (
					"$(inherited)",
					"@executable_path/Frameworks",
				);
				MARKETING_VERSION = 1.0;
				PRODUCT_BUNDLE_IDENTIFIER = isft.RecipeBook;
				PRODUCT_NAME = "$(TARGET_NAME)";
				SWIFT_EMIT_LOC_STRINGS = YES;
				SWIFT_VERSION = 5.0;
				TARGETED_DEVICE_FAMILY = "1,2";
			};
			name = Debug;
		};
		E3573E5F29CC14B6000F7877 /* Release */ = {
			isa = XCBuildConfiguration;
			buildSettings = {
				ASSETCATALOG_COMPILER_APPICON_NAME = AppIcon;
				ASSETCATALOG_COMPILER_GLOBAL_ACCENT_COLOR_NAME = AccentColor;
				CODE_SIGN_STYLE = Automatic;
				CURRENT_PROJECT_VERSION = 1;
				DEVELOPMENT_TEAM = ANZXS48535;
				GENERATE_INFOPLIST_FILE = YES;
				INFOPLIST_FILE = RecipeBook/Info.plist;
				INFOPLIST_KEY_UIApplicationSupportsIndirectInputEvents = YES;
				INFOPLIST_KEY_UILaunchStoryboardName = LaunchScreen;
				INFOPLIST_KEY_UISupportedInterfaceOrientations = UIInterfaceOrientationPortrait;
				IPHONEOS_DEPLOYMENT_TARGET = 16.0;
				LD_RUNPATH_SEARCH_PATHS = (
					"$(inherited)",
					"@executable_path/Frameworks",
				);
				MARKETING_VERSION = 1.0;
				PRODUCT_BUNDLE_IDENTIFIER = isft.RecipeBook;
				PRODUCT_NAME = "$(TARGET_NAME)";
				SWIFT_EMIT_LOC_STRINGS = YES;
				SWIFT_VERSION = 5.0;
				TARGETED_DEVICE_FAMILY = "1,2";
			};
			name = Release;
		};
/* End XCBuildConfiguration section */

/* Begin XCConfigurationList section */
		E3573E4429CC14B3000F7877 /* Build configuration list for PBXProject "RecipeBook" */ = {
			isa = XCConfigurationList;
			buildConfigurations = (
				E3573E5B29CC14B6000F7877 /* Debug */,
				E3573E5C29CC14B6000F7877 /* Release */,
			);
			defaultConfigurationIsVisible = 0;
			defaultConfigurationName = Release;
		};
		E3573E5D29CC14B6000F7877 /* Build configuration list for PBXNativeTarget "RecipeBook" */ = {
			isa = XCConfigurationList;
			buildConfigurations = (
				E3573E5E29CC14B6000F7877 /* Debug */,
				E3573E5F29CC14B6000F7877 /* Release */,
			);
			defaultConfigurationIsVisible = 0;
			defaultConfigurationName = Release;
		};
/* End XCConfigurationList section */
	};
	rootObject = E3573E4129CC14B3000F7877 /* Project object */;
}
